{
  "name": "wp-search-with-algolia",
  "version": "1.6.0",
  "lockfileVersion": 1,
  "requires": true,
  "dependencies": {
    "@algolia/cache-browser-local-storage": {
      "version": "4.8.3",
      "resolved": "https://registry.npmjs.org/@algolia/cache-browser-local-storage/-/cache-browser-local-storage-4.8.3.tgz",
      "integrity": "sha512-Cwc03hikHSUI+xvgUdN+H+f6jFyoDsC9fegzXzJ2nPn1YSN9EXzDMBnbrgl0sbl9iLGXe0EIGMYqR2giCv1wMQ==",
      "requires": {
        "@algolia/cache-common": "4.8.3"
      }
    },
    "@algolia/cache-common": {
      "version": "4.8.3",
      "resolved": "https://registry.npmjs.org/@algolia/cache-common/-/cache-common-4.8.3.tgz",
      "integrity": "sha512-Cf7zZ2i6H+tLSBTkFePHhYvlgc9fnMPKsF9qTmiU38kFIGORy/TN2Fx5n1GBuRLIzaSXvcf+oHv1HvU0u1gE1g=="
    },
    "@algolia/cache-in-memory": {
      "version": "4.8.3",
      "resolved": "https://registry.npmjs.org/@algolia/cache-in-memory/-/cache-in-memory-4.8.3.tgz",
      "integrity": "sha512-+N7tkvmijXiDy2E7u1mM73AGEgGPWFmEmPeJS96oT46I98KXAwVPNYbcAqBE79YlixdXpkYJk41cFcORzNh+Iw==",
      "requires": {
        "@algolia/cache-common": "4.8.3"
      }
    },
    "@algolia/client-account": {
      "version": "4.8.3",
      "resolved": "https://registry.npmjs.org/@algolia/client-account/-/client-account-4.8.3.tgz",
      "integrity": "sha512-Uku8LqnXBwfDCtsTCDYTUOz2/2oqcAQCKgaO0uGdIR8DTQENBXFQvzziambHdn9KuFuY+6Et9k1+cjpTPBDTBg==",
      "requires": {
        "@algolia/client-common": "4.8.3",
        "@algolia/client-search": "4.8.3",
        "@algolia/transporter": "4.8.3"
      }
    },
    "@algolia/client-analytics": {
      "version": "4.8.3",
      "resolved": "https://registry.npmjs.org/@algolia/client-analytics/-/client-analytics-4.8.3.tgz",
      "integrity": "sha512-9ensIWmjYJprZ+YjAVSZdWUG05xEnbytENXp508X59tf34IMIX8BR2xl0RjAQODtxBdAteGxuKt5THX6U9tQLA==",
      "requires": {
        "@algolia/client-common": "4.8.3",
        "@algolia/client-search": "4.8.3",
        "@algolia/requester-common": "4.8.3",
        "@algolia/transporter": "4.8.3"
      }
    },
    "@algolia/client-common": {
      "version": "4.8.3",
      "resolved": "https://registry.npmjs.org/@algolia/client-common/-/client-common-4.8.3.tgz",
      "integrity": "sha512-TU3623AEFAWUQlDTznkgAMSYo8lfS9pNs5QYDQzkvzWdqK0GBDWthwdRfo9iIsfxiR9qdCMHqwEu+AlZMVhNSA==",
      "requires": {
        "@algolia/requester-common": "4.8.3",
        "@algolia/transporter": "4.8.3"
      }
    },
    "@algolia/client-recommendation": {
      "version": "4.8.3",
      "resolved": "https://registry.npmjs.org/@algolia/client-recommendation/-/client-recommendation-4.8.3.tgz",
      "integrity": "sha512-qysGbmkcc6Agt29E38KWJq9JuxjGsyEYoKuX9K+P5HyQh08yR/BlRYrA8mB7vT/OIUHRGFToGO6Vq/rcg0NIOQ==",
      "requires": {
        "@algolia/client-common": "4.8.3",
        "@algolia/requester-common": "4.8.3",
        "@algolia/transporter": "4.8.3"
      }
    },
    "@algolia/client-search": {
      "version": "4.8.3",
      "resolved": "https://registry.npmjs.org/@algolia/client-search/-/client-search-4.8.3.tgz",
      "integrity": "sha512-rAnvoy3GAhbzOQVniFcKVn1eM2NX77LearzYNCbtFrFYavG+hJI187bNVmajToiuGZ10FfJvK99X2OB1AzzezQ==",
      "requires": {
        "@algolia/client-common": "4.8.3",
        "@algolia/requester-common": "4.8.3",
        "@algolia/transporter": "4.8.3"
      }
    },
    "@algolia/logger-common": {
      "version": "4.8.3",
      "resolved": "https://registry.npmjs.org/@algolia/logger-common/-/logger-common-4.8.3.tgz",
      "integrity": "sha512-03wksHRbhl2DouEKnqWuUb64s1lV6kDAAabMCQ2Du1fb8X/WhDmxHC4UXMzypeOGlH5BZBsgVwSB7vsZLP3MZg=="
    },
    "@algolia/logger-console": {
      "version": "4.8.3",
      "resolved": "https://registry.npmjs.org/@algolia/logger-console/-/logger-console-4.8.3.tgz",
      "integrity": "sha512-Npt+hI4UF8t3TLMluL5utr9Gc11BjL5kDnGZOhDOAz5jYiSO2nrHMFmnpLT4Cy/u7a5t7EB5dlypuC4/AGStkA==",
      "requires": {
        "@algolia/logger-common": "4.8.3"
      }
    },
    "@algolia/requester-browser-xhr": {
      "version": "4.8.3",
      "resolved": "https://registry.npmjs.org/@algolia/requester-browser-xhr/-/requester-browser-xhr-4.8.3.tgz",
      "integrity": "sha512-/LTTIpgEmEwkyhn8yXxDdBWqXqzlgw5w2PtTpIwkSlP2/jDwdR/9w1TkFzhNbJ81ki6LAEQM5mSwoTTnbIIecg==",
      "requires": {
        "@algolia/requester-common": "4.8.3"
      }
    },
    "@algolia/requester-common": {
      "version": "4.8.3",
      "resolved": "https://registry.npmjs.org/@algolia/requester-common/-/requester-common-4.8.3.tgz",
      "integrity": "sha512-+Yo9vBkofoKR1SCqqtMnmnfq9yt/BiaDewY/6bYSMNxSYCnu2Fw1JKSIaf/4zos09PMSsxGpLohZwGas3+0GDQ=="
    },
    "@algolia/requester-node-http": {
      "version": "4.8.3",
      "resolved": "https://registry.npmjs.org/@algolia/requester-node-http/-/requester-node-http-4.8.3.tgz",
      "integrity": "sha512-k2fiKIeMIFqgC01FnzII6kqC2GQBAfbNaUX4k7QCPa6P8t4sp2xE6fImOUiztLnnL3C9X9ZX6Fw3L+cudi7jvQ==",
      "requires": {
        "@algolia/requester-common": "4.8.3"
      }
    },
    "@algolia/transporter": {
      "version": "4.8.3",
      "resolved": "https://registry.npmjs.org/@algolia/transporter/-/transporter-4.8.3.tgz",
      "integrity": "sha512-nU7fy2iU8snxATlsks0MjMyv97QJWQmOVwTjDc+KZ4+nue8CLcgm4LA4dsTBqvxeCQIoEtt3n72GwXcaqiJSjQ==",
      "requires": {
        "@algolia/cache-common": "4.8.3",
        "@algolia/logger-common": "4.8.3",
        "@algolia/requester-common": "4.8.3"
      }
    },
    "abbrev": {
      "version": "1.1.1",
      "resolved": "https://registry.npmjs.org/abbrev/-/abbrev-1.1.1.tgz",
      "integrity": "sha512-nne9/IiQ/hzIhY6pdDnbBtz7DjPTKrY00P/zvPSm5pOFkl6xuGrGnXn/VtTNNfNtAfZ9/1RtehkszU9qcTii0Q=="
    },
    "algoliasearch": {
      "version": "4.8.3",
      "resolved": "https://registry.npmjs.org/algoliasearch/-/algoliasearch-4.8.3.tgz",
      "integrity": "sha512-pljX9jEE2TQ3i1JayhG8afNdE8UuJg3O9c7unW6QO67yRWCKr6b0t5aKC3hSVtjt7pA2TQXLKoAISb4SHx9ozQ==",
      "requires": {
        "@algolia/cache-browser-local-storage": "4.8.3",
        "@algolia/cache-common": "4.8.3",
        "@algolia/cache-in-memory": "4.8.3",
        "@algolia/client-account": "4.8.3",
        "@algolia/client-analytics": "4.8.3",
        "@algolia/client-common": "4.8.3",
        "@algolia/client-recommendation": "4.8.3",
        "@algolia/client-search": "4.8.3",
        "@algolia/logger-common": "4.8.3",
        "@algolia/logger-console": "4.8.3",
        "@algolia/requester-browser-xhr": "4.8.3",
        "@algolia/requester-common": "4.8.3",
        "@algolia/requester-node-http": "4.8.3",
        "@algolia/transporter": "4.8.3"
      }
    },
    "algoliasearch-helper": {
      "version": "2.28.1",
      "resolved": "https://registry.npmjs.org/algoliasearch-helper/-/algoliasearch-helper-2.28.1.tgz",
      "integrity": "sha512-4yg3anWdILD6ZJ/GxWmtu4HgxauSemhSqbe9Cx6SFdPzaMHrccew4IDomMeQlz9RHJwRgi5sEeX//jx2H/PaWg==",
      "requires": {
        "events": "^1.1.1",
        "lodash": "^4.17.5",
        "qs": "^6.5.1"
      }
    },
    "autocomplete.js": {
      "version": "0.37.1",
      "resolved": "https://registry.npmjs.org/autocomplete.js/-/autocomplete.js-0.37.1.tgz",
      "integrity": "sha512-PgSe9fHYhZEsm/9jggbjtVsGXJkPLvd+9mC7gZJ662vVL5CRWEtm/mIrrzCx0MrNxHVwxD5d00UOn6NsmL2LUQ==",
      "requires": {
        "immediate": "^3.2.3"
      }
    },
    "balanced-match": {
      "version": "1.0.0",
      "resolved": "https://registry.npmjs.org/balanced-match/-/balanced-match-1.0.0.tgz",
      "integrity": "sha1-ibTRmasr7kneFk6gK4nORi1xt2c=",
      "dev": true
    },
    "brace-expansion": {
      "version": "1.1.11",
      "resolved": "https://registry.npmjs.org/brace-expansion/-/brace-expansion-1.1.11.tgz",
      "integrity": "sha512-iCuPHDFgrHX7H2vEI/5xpz07zSHB00TpugqhmYtVmMO6518mCuRMoOYFldEBl0g187ufozdaHgWKcYFb61qGiA==",
      "dev": true,
      "requires": {
        "balanced-match": "^1.0.0",
        "concat-map": "0.0.1"
      }
    },
    "call-bind": {
      "version": "1.0.0",
      "resolved": "https://registry.npmjs.org/call-bind/-/call-bind-1.0.0.tgz",
      "integrity": "sha512-AEXsYIyyDY3MCzbwdhzG3Jx1R0J2wetQyUynn6dYHAO+bg8l1k7jwZtRv4ryryFs7EP+NDlikJlVe59jr0cM2w==",
      "requires": {
        "function-bind": "^1.1.1",
        "get-intrinsic": "^1.0.0"
      }
    },
    "classnames": {
      "version": "2.2.6",
      "resolved": "https://registry.npmjs.org/classnames/-/classnames-2.2.6.tgz",
      "integrity": "sha512-JR/iSQOSt+LQIWwrwEzJ9uk0xfN3mTVYMwt1Ir5mUcSN6pU+V4zQFFaJsclJbPuAUQH+yfWef6tm7l1quW3C8Q=="
    },
    "concat-map": {
      "version": "0.0.1",
      "resolved": "https://registry.npmjs.org/concat-map/-/concat-map-0.0.1.tgz",
      "integrity": "sha1-2Klr13/Wjfd5OnMDajug1UBdR3s=",
      "dev": true
    },
    "define-properties": {
      "version": "1.1.3",
      "resolved": "https://registry.npmjs.org/define-properties/-/define-properties-1.1.3.tgz",
      "integrity": "sha512-3MqfYKj2lLzdMSf8ZIZE/V+Zuy+BgD6f164e8K2w7dgnpKArBDerGYpM46IYYcjnkdPNMjPk9A6VFB8+3SKlXQ==",
      "requires": {
        "object-keys": "^1.0.12"
      }
    },
    "events": {
      "version": "1.1.1",
      "resolved": "https://registry.npmjs.org/events/-/events-1.1.1.tgz",
      "integrity": "sha1-nr23Y1rQmccNzEwqH1AEKI6L2SQ="
    },
    "frontend-dependencies": {
      "version": "1.1.8",
      "resolved": "https://registry.npmjs.org/frontend-dependencies/-/frontend-dependencies-1.1.8.tgz",
      "integrity": "sha512-SUU/0shHqmQCdMddaxmtqQqtPmOhhIQAWDPsEWl1iR8iNRKFsLcvtZavZWmnxVJHu3IDXykL0yw7q/caH97mGw==",
      "dev": true,
      "requires": {
        "shelljs": "^0.7.4"
      }
    },
    "fs.realpath": {
      "version": "1.0.0",
      "resolved": "https://registry.npmjs.org/fs.realpath/-/fs.realpath-1.0.0.tgz",
      "integrity": "sha1-FQStJSMVjKpA20onh8sBQRmU6k8=",
      "dev": true
    },
    "function-bind": {
      "version": "1.1.1",
      "resolved": "https://registry.npmjs.org/function-bind/-/function-bind-1.1.1.tgz",
      "integrity": "sha512-yIovAzMX49sF8Yl58fSCWJ5svSLuaibPxXQJFLmBObTuCr0Mf1KiPopGM9NiFjiYBCbfaa2Fh6breQ6ANVTI0A=="
    },
    "get-intrinsic": {
      "version": "1.0.1",
      "resolved": "https://registry.npmjs.org/get-intrinsic/-/get-intrinsic-1.0.1.tgz",
      "integrity": "sha512-ZnWP+AmS1VUaLgTRy47+zKtjTxz+0xMpx3I52i+aalBK1QP19ggLF3Db89KJX7kjfOfP2eoa01qc++GwPgufPg==",
      "requires": {
        "function-bind": "^1.1.1",
        "has": "^1.0.3",
        "has-symbols": "^1.0.1"
      }
    },
    "glob": {
      "version": "7.1.6",
      "resolved": "https://registry.npmjs.org/glob/-/glob-7.1.6.tgz",
      "integrity": "sha512-LwaxwyZ72Lk7vZINtNNrywX0ZuLyStrdDtabefZKAY5ZGJhVtgdznluResxNmPitE0SAO+O26sWTHeKSI2wMBA==",
      "dev": true,
      "requires": {
        "fs.realpath": "^1.0.0",
        "inflight": "^1.0.4",
        "inherits": "2",
        "minimatch": "^3.0.4",
        "once": "^1.3.0",
        "path-is-absolute": "^1.0.0"
      }
    },
    "has": {
      "version": "1.0.3",
      "resolved": "https://registry.npmjs.org/has/-/has-1.0.3.tgz",
      "integrity": "sha512-f2dvO0VU6Oej7RkWJGrehjbzMAjFp5/VKPp5tTpWIV4JHHZK1/BxbFRtf/siA2SWTe09caDmVtYYzWEIbBS4zw==",
      "requires": {
        "function-bind": "^1.1.1"
      }
    },
    "has-symbols": {
      "version": "1.0.1",
      "resolved": "https://registry.npmjs.org/has-symbols/-/has-symbols-1.0.1.tgz",
      "integrity": "sha512-PLcsoqu++dmEIZB+6totNFKq/7Do+Z0u4oT0zKOJNl3lYK6vGwwu2hjHs+68OEZbTjiUE9bgOABXbP/GvrS0Kg=="
    },
    "hogan.js": {
      "version": "3.0.2",
      "resolved": "https://registry.npmjs.org/hogan.js/-/hogan.js-3.0.2.tgz",
      "integrity": "sha1-TNnhq9QpQUbnZ55B14mHMrAse/0=",
      "requires": {
        "mkdirp": "0.3.0",
        "nopt": "1.0.10"
      }
    },
    "immediate": {
      "version": "3.3.0",
      "resolved": "https://registry.npmjs.org/immediate/-/immediate-3.3.0.tgz",
      "integrity": "sha512-HR7EVodfFUdQCTIeySw+WDRFJlPcLOJbXfwwZ7Oom6tjsvZ3bOkCDJHehQC3nxJrv7+f9XecwazynjU8e4Vw3Q=="
    },
    "immutability-helper": {
      "version": "2.9.1",
      "resolved": "https://registry.npmjs.org/immutability-helper/-/immutability-helper-2.9.1.tgz",
      "integrity": "sha512-r/RmRG8xO06s/k+PIaif2r5rGc3j4Yhc01jSBfwPCXDLYZwp/yxralI37Df1mwmuzcCsen/E/ITKcTEvc1PQmQ==",
      "requires": {
        "invariant": "^2.2.0"
      }
    },
    "inflight": {
      "version": "1.0.6",
      "resolved": "https://registry.npmjs.org/inflight/-/inflight-1.0.6.tgz",
      "integrity": "sha1-Sb1jMdfQLQwJvJEKEHW6gWW1bfk=",
      "dev": true,
      "requires": {
        "once": "^1.3.0",
        "wrappy": "1"
      }
    },
    "inherits": {
      "version": "2.0.4",
      "resolved": "https://registry.npmjs.org/inherits/-/inherits-2.0.4.tgz",
      "integrity": "sha512-k/vGaX4/Yla3WzyMCvTQOXYeIHvqOKtnqBduzTHpzpQZzAskKMhZ2K+EnBiSM9zGSoIFeMpXKxa4dYeZIQqewQ==",
      "dev": true
    },
    "instantsearch.js": {
      "version": "3.7.0",
      "resolved": "https://registry.npmjs.org/instantsearch.js/-/instantsearch.js-3.7.0.tgz",
      "integrity": "sha512-Hkj72CP/Du7uR6R8N2IXo/JHiGU9Z/DwDbQcvRaLKWGd3fc4WjQpl1QPB2OUsoM0Ym0Zv1xjyYTmuU1VvGdySw==",
      "requires": {
        "algoliasearch-helper": "^2.26.0",
        "classnames": "^2.2.5",
        "events": "^1.1.0",
        "hogan.js": "^3.0.2",
        "preact": "^8.3.0",
        "preact-compat": "^3.18.0",
        "preact-rheostat": "^2.1.1",
        "prop-types": "^15.5.10",
        "qs": "^6.5.1"
      }
    },
    "interpret": {
      "version": "1.4.0",
      "resolved": "https://registry.npmjs.org/interpret/-/interpret-1.4.0.tgz",
      "integrity": "sha512-agE4QfB2Lkp9uICn7BAqoscw4SZP9kTE2hxiFI3jBPmXJfdqiahTbUuKGsMoN2GtqL9AxhYioAcVvgsb1HvRbA==",
      "dev": true
    },
    "invariant": {
      "version": "2.2.4",
      "resolved": "https://registry.npmjs.org/invariant/-/invariant-2.2.4.tgz",
      "integrity": "sha512-phJfQVBuaJM5raOpJjSfkiD6BpbCE4Ns//LaXl6wGYtUBY83nWS6Rf9tXm2e8VaK60JEjYldbPif/A2B1C2gNA==",
      "requires": {
        "loose-envify": "^1.0.0"
      }
    },
    "js-tokens": {
      "version": "4.0.0",
      "resolved": "https://registry.npmjs.org/js-tokens/-/js-tokens-4.0.0.tgz",
      "integrity": "sha512-RdJUflcE3cUzKiMqQgsCu06FPu9UdIJO0beYbPhHN4k6apgJtifcoCtT9bcxOpYBtpD2kCM6Sbzg4CausW/PKQ=="
    },
    "lodash": {
      "version": "4.17.20",
      "resolved": "https://registry.npmjs.org/lodash/-/lodash-4.17.20.tgz",
      "integrity": "sha512-PlhdFcillOINfeV7Ni6oF1TAEayyZBoZ8bcshTHqOYJYlrqzRK5hagpagky5o4HfCzzd1TRkXPMFq6cKk9rGmA=="
    },
    "loose-envify": {
      "version": "1.4.0",
      "resolved": "https://registry.npmjs.org/loose-envify/-/loose-envify-1.4.0.tgz",
      "integrity": "sha512-lyuxPGr/Wfhrlem2CL/UcnUc1zcqKAImBDzukY7Y5F/yQiNdko6+fRLevlw1HgMySw7f611UIY408EtxRSoK3Q==",
      "requires": {
        "js-tokens": "^3.0.0 || ^4.0.0"
      }
    },
    "minimatch": {
      "version": "3.0.4",
      "resolved": "https://registry.npmjs.org/minimatch/-/minimatch-3.0.4.tgz",
      "integrity": "sha512-yJHVQEhyqPLUTgt9B83PXu6W3rx4MvvHvSUvToogpwoGDOUQ+yDrR0HRot+yOCdCO7u4hX3pWft6kWBBcqh0UA==",
      "dev": true,
      "requires": {
        "brace-expansion": "^1.1.7"
      }
    },
    "mkdirp": {
      "version": "0.3.0",
      "resolved": "https://registry.npmjs.org/mkdirp/-/mkdirp-0.3.0.tgz",
      "integrity": "sha1-G79asbqCevI1dRQ0kEJkVfSB/h4="
    },
    "nopt": {
      "version": "1.0.10",
      "resolved": "https://registry.npmjs.org/nopt/-/nopt-1.0.10.tgz",
      "integrity": "sha1-bd0hvSoxQXuScn3Vhfim83YI6+4=",
      "requires": {
        "abbrev": "1"
      }
    },
    "object-assign": {
      "version": "4.1.1",
      "resolved": "https://registry.npmjs.org/object-assign/-/object-assign-4.1.1.tgz",
      "integrity": "sha1-IQmtx5ZYh8/AXLvUQsrIv7s2CGM="
    },
    "object-keys": {
      "version": "1.1.1",
      "resolved": "https://registry.npmjs.org/object-keys/-/object-keys-1.1.1.tgz",
      "integrity": "sha512-NuAESUOUMrlIXOfHKzD6bpPu3tYt3xvjNdRIQ+FeT0lNb4K8WR70CaDxhuNguS2XG+GjkyMwOzsN5ZktImfhLA=="
    },
    "object.assign": {
      "version": "4.1.2",
      "resolved": "https://registry.npmjs.org/object.assign/-/object.assign-4.1.2.tgz",
      "integrity": "sha512-ixT2L5THXsApyiUPYKmW+2EHpXXe5Ii3M+f4e+aJFAHao5amFRW6J0OO6c/LU8Be47utCx2GL89hxGB6XSmKuQ==",
      "requires": {
        "call-bind": "^1.0.0",
        "define-properties": "^1.1.3",
        "has-symbols": "^1.0.1",
        "object-keys": "^1.1.1"
      }
    },
    "once": {
      "version": "1.4.0",
      "resolved": "https://registry.npmjs.org/once/-/once-1.4.0.tgz",
      "integrity": "sha1-WDsap3WWHUsROsF9nFC6753Xa9E=",
      "dev": true,
      "requires": {
        "wrappy": "1"
      }
    },
    "path-is-absolute": {
      "version": "1.0.1",
      "resolved": "https://registry.npmjs.org/path-is-absolute/-/path-is-absolute-1.0.1.tgz",
      "integrity": "sha1-F0uSaHNVNP+8es5r9TpanhtcX18=",
      "dev": true
    },
    "path-parse": {
      "version": "1.0.6",
      "resolved": "https://registry.npmjs.org/path-parse/-/path-parse-1.0.6.tgz",
      "integrity": "sha512-GSmOT2EbHrINBf9SR7CDELwlJ8AENk3Qn7OikK4nFYAu3Ote2+JYNVvkpAEQm3/TLNEJFD/xZJjzyxg3KBWOzw==",
      "dev": true
    },
    "preact": {
      "version": "8.5.3",
      "resolved": "https://registry.npmjs.org/preact/-/preact-8.5.3.tgz",
      "integrity": "sha512-O3kKP+1YdgqHOFsZF2a9JVdtqD+RPzCQc3rP+Ualf7V6rmRDchZ9MJbiGTT7LuyqFKZqlHSOyO/oMFmI2lVTsw=="
    },
    "preact-compat": {
      "version": "3.19.0",
      "resolved": "https://registry.npmjs.org/preact-compat/-/preact-compat-3.19.0.tgz",
      "integrity": "sha512-f83A4hIhH8Uzhb9GbIcGk8SM19ffWlwP9mDaYwQdRnMdekZwcCA7eIAbeV4EMQaV9C0Yuy8iKgBAtyTKPZQt/Q==",
      "requires": {
        "immutability-helper": "^2.7.1",
        "preact-context": "^1.1.3",
        "preact-render-to-string": "^3.8.2",
        "preact-transition-group": "^1.1.1",
        "prop-types": "^15.6.2",
        "standalone-react-addons-pure-render-mixin": "^0.1.1"
      }
    },
    "preact-context": {
      "version": "1.1.4",
      "resolved": "https://registry.npmjs.org/preact-context/-/preact-context-1.1.4.tgz",
      "integrity": "sha512-gcCjPJ65R0MiW9hDu8W/3WAmyTElIvwLyEO6oLQiM6/TbLKLxCpBCWV8GJjx52TTEyUr60HLDcmoCXZlslelzQ=="
    },
    "preact-render-to-string": {
      "version": "3.8.2",
      "resolved": "https://registry.npmjs.org/preact-render-to-string/-/preact-render-to-string-3.8.2.tgz",
      "integrity": "sha512-przuZPajiurStGgxMoJP0EJeC4xj5CgHv+M7GfF3YxAdhGgEWAkhOSE0xympAFN20uMayntBZpttIZqqLl77fw==",
      "requires": {
        "pretty-format": "^3.5.1"
      }
    },
    "preact-rheostat": {
      "version": "2.1.1",
      "resolved": "https://registry.npmjs.org/preact-rheostat/-/preact-rheostat-2.1.1.tgz",
      "integrity": "sha512-d03JgkpbjknALYl+zfNiJQ60sFd4A0YjnLCe/DB+rqKQck7jXpsW9RqSN0R50/lV8fEezhVCjq2WMPDDOKmwaA==",
      "requires": {
        "object.assign": "^4.0.4",
        "preact": "^8.2.5",
        "preact-compat": "^3.17.0",
        "prop-types": "^15.5.10"
      }
    },
    "preact-transition-group": {
      "version": "1.1.1",
      "resolved": "https://registry.npmjs.org/preact-transition-group/-/preact-transition-group-1.1.1.tgz",
      "integrity": "sha1-8KSTJ+pRXs406ivoZMSn0p5dbhA="
    },
    "pretty-format": {
      "version": "3.8.0",
      "resolved": "https://registry.npmjs.org/pretty-format/-/pretty-format-3.8.0.tgz",
      "integrity": "sha1-v77VbV6ad2ZF9LH/eqGjrE+jw4U="
    },
    "prop-types": {
      "version": "15.7.2",
      "resolved": "https://registry.npmjs.org/prop-types/-/prop-types-15.7.2.tgz",
      "integrity": "sha512-8QQikdH7//R2vurIJSutZ1smHYTcLpRWEOlHnzcWHmBYrOGUysKwSsrC89BCiFj3CbrfJ/nXFdJepOVrY1GCHQ==",
      "requires": {
        "loose-envify": "^1.4.0",
        "object-assign": "^4.1.1",
        "react-is": "^16.8.1"
      }
    },
    "qs": {
      "version": "6.9.4",
      "resolved": "https://registry.npmjs.org/qs/-/qs-6.9.4.tgz",
      "integrity": "sha512-A1kFqHekCTM7cz0udomYUoYNWjBebHm/5wzU/XqrBRBNWectVH0QIiN+NEcZ0Dte5hvzHwbr8+XQmguPhJ6WdQ=="
    },
    "react-is": {
      "version": "16.13.1",
      "resolved": "https://registry.npmjs.org/react-is/-/react-is-16.13.1.tgz",
      "integrity": "sha512-24e6ynE2H+OKt4kqsOvNd8kBpV65zoxbA4BVsEOB3ARVWQki/DHzaUoC5KuON/BiccDaCCTZBuOcfZs70kR8bQ=="
    },
    "rechoir": {
      "version": "0.6.2",
      "resolved": "https://registry.npmjs.org/rechoir/-/rechoir-0.6.2.tgz",
      "integrity": "sha1-hSBLVNuoLVdC4oyWdW70OvUOM4Q=",
      "dev": true,
      "requires": {
        "resolve": "^1.1.6"
      }
    },
    "resolve": {
      "version": "1.17.0",
      "resolved": "https://registry.npmjs.org/resolve/-/resolve-1.17.0.tgz",
      "integrity": "sha512-ic+7JYiV8Vi2yzQGFWOkiZD5Z9z7O2Zhm9XMaTxdJExKasieFCr+yXZ/WmXsckHiKl12ar0y6XiXDx3m4RHn1w==",
      "dev": true,
      "requires": {
        "path-parse": "^1.0.6"
      }
    },
    "shelljs": {
      "version": "0.7.8",
      "resolved": "https://registry.npmjs.org/shelljs/-/shelljs-0.7.8.tgz",
      "integrity": "sha1-3svPh0sNHl+3LhSxZKloMEjprLM=",
      "dev": true,
      "requires": {
        "glob": "^7.0.0",
        "interpret": "^1.0.0",
        "rechoir": "^0.6.2"
      }
    },
    "standalone-react-addons-pure-render-mixin": {
      "version": "0.1.1",
      "resolved": "https://registry.npmjs.org/standalone-react-addons-pure-render-mixin/-/standalone-react-addons-pure-render-mixin-0.1.1.tgz",
      "integrity": "sha1-PHQJ9MecQN6axyxhbPZ5qZTzdVE="
    },
    "wrappy": {
      "version": "1.0.2",
      "resolved": "https://registry.npmjs.org/wrappy/-/wrappy-1.0.2.tgz",
      "integrity": "sha1-tSQ9jz7BqjXxNkYFvA0QNuMKtp8=",
      "dev": true
    }
  }
}
