{
  "name": "wp-search-with-algolia",
  "version": "2.0.0",
  "lockfileVersion": 1,
  "requires": true,
  "dependencies": {
    "@algolia/cache-browser-local-storage": {
      "version": "4.10.3",
      "resolved": "https://registry.npmjs.org/@algolia/cache-browser-local-storage/-/cache-browser-local-storage-4.10.3.tgz",
      "integrity": "sha512-TD1N7zg5lb56/PLjjD4bBl2eccEvVHhC7yfgFu2r9k5tf+gvbGxEZ3NhRZVKu2MObUIcEy2VR4LVLxOQu45Hlg==",
      "requires": {
        "@algolia/cache-common": "4.10.3"
      }
    },
    "@algolia/cache-common": {
      "version": "4.10.3",
      "resolved": "https://registry.npmjs.org/@algolia/cache-common/-/cache-common-4.10.3.tgz",
      "integrity": "sha512-q13cPPUmtf8a2suBC4kySSr97EyulSXuxUkn7l1tZUCX/k1y5KNheMp8npBy8Kc8gPPmHpacxddRSfOncjiKFw=="
    },
    "@algolia/cache-in-memory": {
      "version": "4.10.3",
      "resolved": "https://registry.npmjs.org/@algolia/cache-in-memory/-/cache-in-memory-4.10.3.tgz",
      "integrity": "sha512-JhPajhOXAjUP+TZrZTh6KJpF5VKTKyWK2aR1cD8NtrcVHwfGS7fTyfXfVm5BqBqkD9U0gVvufUt/mVyI80aZww==",
      "requires": {
        "@algolia/cache-common": "4.10.3"
      }
    },
    "@algolia/client-account": {
      "version": "4.10.3",
      "resolved": "https://registry.npmjs.org/@algolia/client-account/-/client-account-4.10.3.tgz",
      "integrity": "sha512-S/IsJB4s+e1xYctdpW3nAbwrR2y3pjSo9X21fJGoiGeIpTRdvQG7nydgsLkhnhcgAdLnmqBapYyAqMGmlcyOkg==",
      "requires": {
        "@algolia/client-common": "4.10.3",
        "@algolia/client-search": "4.10.3",
        "@algolia/transporter": "4.10.3"
      }
    },
    "@algolia/client-analytics": {
      "version": "4.10.3",
      "resolved": "https://registry.npmjs.org/@algolia/client-analytics/-/client-analytics-4.10.3.tgz",
      "integrity": "sha512-vlHTbBqJktRgclh3v7bPQLfZvFIqY4erNFIZA5C7nisCj9oLeTgzefoUrr+R90+I+XjfoLxnmoeigS1Z1yg1vw==",
      "requires": {
        "@algolia/client-common": "4.10.3",
        "@algolia/client-search": "4.10.3",
        "@algolia/requester-common": "4.10.3",
        "@algolia/transporter": "4.10.3"
      }
    },
    "@algolia/client-common": {
      "version": "4.10.3",
      "resolved": "https://registry.npmjs.org/@algolia/client-common/-/client-common-4.10.3.tgz",
      "integrity": "sha512-uFyP2Z14jG2hsFRbAoavna6oJf4NTXaSDAZgouZUZlHlBp5elM38sjNeA5HR9/D9J/GjwaB1SgB7iUiIWYBB4w==",
      "requires": {
        "@algolia/requester-common": "4.10.3",
        "@algolia/transporter": "4.10.3"
      }
    },
    "@algolia/client-personalization": {
      "version": "4.10.3",
      "resolved": "https://registry.npmjs.org/@algolia/client-personalization/-/client-personalization-4.10.3.tgz",
      "integrity": "sha512-NS7Nx8EJ/nduGXT8CFo5z7kLF0jnFehTP3eC+z+GOEESH3rrs7uR12IZHxv5QhQswZa9vl925zCOZDcDVoENCg==",
      "requires": {
        "@algolia/client-common": "4.10.3",
        "@algolia/requester-common": "4.10.3",
        "@algolia/transporter": "4.10.3"
      }
    },
    "@algolia/client-search": {
      "version": "4.10.3",
      "resolved": "https://registry.npmjs.org/@algolia/client-search/-/client-search-4.10.3.tgz",
      "integrity": "sha512-Zwnp2G94IrNFKWCG/k7epI5UswRkPvL9FCt7/slXe2bkjP2y/HA37gzRn+9tXoLVRwd7gBzrtOA4jFKIyjrtVw==",
      "requires": {
        "@algolia/client-common": "4.10.3",
        "@algolia/requester-common": "4.10.3",
        "@algolia/transporter": "4.10.3"
      }
    },
    "@algolia/logger-common": {
      "version": "4.10.3",
      "resolved": "https://registry.npmjs.org/@algolia/logger-common/-/logger-common-4.10.3.tgz",
      "integrity": "sha512-M6xi+qov2bkgg1H9e1Qtvq/E/eKsGcgz8RBbXNzqPIYoDGZNkv+b3b8YMo3dxd4Wd6M24HU1iqF3kmr1LaXndg=="
    },
    "@algolia/logger-console": {
      "version": "4.10.3",
      "resolved": "https://registry.npmjs.org/@algolia/logger-console/-/logger-console-4.10.3.tgz",
      "integrity": "sha512-vVgRI7b4PHjgBdRkv/cRz490twvkLoGdpC4VYzIouSrKj8SIVLRhey3qgXk7oQXi3xoxVAv6NrklHfpO8Bpx0w==",
      "requires": {
        "@algolia/logger-common": "4.10.3"
      }
    },
    "@algolia/requester-browser-xhr": {
      "version": "4.10.3",
      "resolved": "https://registry.npmjs.org/@algolia/requester-browser-xhr/-/requester-browser-xhr-4.10.3.tgz",
      "integrity": "sha512-4WIk1zreFbc1EF6+gsfBTQvwSNjWc20zJAAExRWql/Jq5yfVHmwOqi/CajA53/cXKFBqo80DAMRvOiwP+hOLYw==",
      "requires": {
        "@algolia/requester-common": "4.10.3"
      }
    },
    "@algolia/requester-common": {
      "version": "4.10.3",
      "resolved": "https://registry.npmjs.org/@algolia/requester-common/-/requester-common-4.10.3.tgz",
      "integrity": "sha512-PNfLHmg0Hujugs3rx55uz/ifv7b9HVdSFQDb2hj0O5xZaBEuQCNOXC6COrXR8+9VEfqp2swpg7zwgtqFxh+BtQ=="
    },
    "@algolia/requester-node-http": {
      "version": "4.10.3",
      "resolved": "https://registry.npmjs.org/@algolia/requester-node-http/-/requester-node-http-4.10.3.tgz",
      "integrity": "sha512-A9ZcGfEvgqf0luJApdNcIhsRh6MShn2zn2tbjwjGG1joF81w+HUY+BWuLZn56vGwAA9ZB9n00IoJJpxibbfofg==",
      "requires": {
        "@algolia/requester-common": "4.10.3"
      }
    },
    "@algolia/transporter": {
      "version": "4.10.3",
      "resolved": "https://registry.npmjs.org/@algolia/transporter/-/transporter-4.10.3.tgz",
      "integrity": "sha512-n1lRyKDbrckbMEgm7QXtj3nEWUuzA3aKLzVQ43/F/RCFib15j4IwtmYhXR6OIBRSc7+T0Hm48S0J6F+HeYCQkw==",
      "requires": {
        "@algolia/cache-common": "4.10.3",
        "@algolia/logger-common": "4.10.3",
        "@algolia/requester-common": "4.10.3"
      }
    },
    "@types/google.maps": {
      "version": "3.45.6",
      "resolved": "https://registry.npmjs.org/@types/google.maps/-/google.maps-3.45.6.tgz",
      "integrity": "sha512-BzGzxs8UXFxeP8uN/0nRgGbsbpYQxSCKsv/7S8OitU7wwhfFcqQSm5aAcL1nbwueMiJ/VVmIZKPq69s0kX5W+Q=="
    },
    "@types/hogan.js": {
      "version": "3.0.1",
      "resolved": "https://registry.npmjs.org/@types/hogan.js/-/hogan.js-3.0.1.tgz",
      "integrity": "sha512-D03i/2OY7kGyMq9wdQ7oD8roE49z/ZCZThe/nbahtvuqCNZY9T2MfedOWyeBdbEpY2W8Gnh/dyJLdFtUCOkYbg=="
    },
    "@types/qs": {
      "version": "6.9.7",
      "resolved": "https://registry.npmjs.org/@types/qs/-/qs-6.9.7.tgz",
      "integrity": "sha512-FGa1F62FT09qcrueBA6qYTrJPVDzah9a+493+o2PCXsesWHIn27G98TsSMs3WPNbZIEj4+VJf6saSFpvD+3Zsw=="
    },
    "abbrev": {
      "version": "1.1.1",
      "resolved": "https://registry.npmjs.org/abbrev/-/abbrev-1.1.1.tgz",
      "integrity": "sha512-nne9/IiQ/hzIhY6pdDnbBtz7DjPTKrY00P/zvPSm5pOFkl6xuGrGnXn/VtTNNfNtAfZ9/1RtehkszU9qcTii0Q=="
    },
    "algoliasearch": {
      "version": "4.10.3",
      "resolved": "https://registry.npmjs.org/algoliasearch/-/algoliasearch-4.10.3.tgz",
      "integrity": "sha512-OLY0AWlPKGLbSaw14ivMB7BT5fPdp8VdzY4L8FtzZnqmLKsyes24cltGlf7/X96ACkYEcT390SReCDt/9SUIRg==",
      "requires": {
        "@algolia/cache-browser-local-storage": "4.10.3",
        "@algolia/cache-common": "4.10.3",
        "@algolia/cache-in-memory": "4.10.3",
        "@algolia/client-account": "4.10.3",
        "@algolia/client-analytics": "4.10.3",
        "@algolia/client-common": "4.10.3",
        "@algolia/client-personalization": "4.10.3",
        "@algolia/client-search": "4.10.3",
        "@algolia/logger-common": "4.10.3",
        "@algolia/logger-console": "4.10.3",
        "@algolia/requester-browser-xhr": "4.10.3",
        "@algolia/requester-common": "4.10.3",
        "@algolia/requester-node-http": "4.10.3",
        "@algolia/transporter": "4.10.3"
      }
    },
    "algoliasearch-helper": {
      "version": "3.5.4",
      "resolved": "https://registry.npmjs.org/algoliasearch-helper/-/algoliasearch-helper-3.5.4.tgz",
      "integrity": "sha512-t+FLhXYnPZiwjYe5ExyN962HQY8mi3KwRju3Lyf6OBgtRdx30d6mqvtClXf5NeBihH45Xzj6t4Y5YyvAI432XA==",
      "requires": {
        "events": "^1.1.1"
      }
    },
    "autocomplete.js": {
      "version": "0.38.0",
      "resolved": "https://registry.npmjs.org/autocomplete.js/-/autocomplete.js-0.38.0.tgz",
      "integrity": "sha512-xZlqbg0LN9D1cZd4TkPJmir/Bq0+xXnp35X6i87yU2dD2wYv9E7pVU1+QKu0PbBVV2dShppwlKGMsfCYQD9OtA==",
      "requires": {
        "immediate": "^3.2.3"
      }
    },
    "balanced-match": {
      "version": "1.0.2",
      "resolved": "https://registry.npmjs.org/balanced-match/-/balanced-match-1.0.2.tgz",
      "integrity": "sha512-3oSeUO0TMV67hN1AmbXsK4yaqU7tjiHlbxRDZOpH0KW9+CeX4bRAaX0Anxt0tx2MrpRpWwQaPwIlISEJhYU5Pw==",
      "dev": true
    },
    "brace-expansion": {
      "version": "1.1.11",
      "resolved": "https://registry.npmjs.org/brace-expansion/-/brace-expansion-1.1.11.tgz",
      "integrity": "sha512-iCuPHDFgrHX7H2vEI/5xpz07zSHB00TpugqhmYtVmMO6518mCuRMoOYFldEBl0g187ufozdaHgWKcYFb61qGiA==",
      "dev": true,
      "requires": {
        "balanced-match": "^1.0.0",
        "concat-map": "0.0.1"
      }
    },
    "classnames": {
      "version": "2.3.1",
      "resolved": "https://registry.npmjs.org/classnames/-/classnames-2.3.1.tgz",
      "integrity": "sha512-OlQdbZ7gLfGarSqxesMesDa5uz7KFbID8Kpq/SxIoNGDqY8lSYs0D+hhtBXhcdB3rcbXArFr7vlHheLk1voeNA=="
    },
    "concat-map": {
      "version": "0.0.1",
      "resolved": "https://registry.npmjs.org/concat-map/-/concat-map-0.0.1.tgz",
      "integrity": "sha1-2Klr13/Wjfd5OnMDajug1UBdR3s=",
      "dev": true
    },
    "events": {
      "version": "1.1.1",
      "resolved": "https://registry.npmjs.org/events/-/events-1.1.1.tgz",
      "integrity": "sha1-nr23Y1rQmccNzEwqH1AEKI6L2SQ="
    },
    "frontend-dependencies": {
      "version": "2.0.0",
      "resolved": "https://registry.npmjs.org/frontend-dependencies/-/frontend-dependencies-2.0.0.tgz",
      "integrity": "sha512-NpxEBP1jeqp9gH/hh/cSph3f5k5Eeu2eQQmFRWhIuw0mjTcLUsghOGGuKLMUUrIO2Mto722qtY9tHPQ4zN46rA==",
      "dev": true,
      "requires": {
        "shelljs": "^0.8.4"
      }
    },
    "fs.realpath": {
      "version": "1.0.0",
      "resolved": "https://registry.npmjs.org/fs.realpath/-/fs.realpath-1.0.0.tgz",
      "integrity": "sha1-FQStJSMVjKpA20onh8sBQRmU6k8=",
      "dev": true
    },
    "function-bind": {
      "version": "1.1.1",
      "resolved": "https://registry.npmjs.org/function-bind/-/function-bind-1.1.1.tgz",
      "integrity": "sha512-yIovAzMX49sF8Yl58fSCWJ5svSLuaibPxXQJFLmBObTuCr0Mf1KiPopGM9NiFjiYBCbfaa2Fh6breQ6ANVTI0A==",
      "dev": true
    },
    "glob": {
      "version": "7.1.7",
      "resolved": "https://registry.npmjs.org/glob/-/glob-7.1.7.tgz",
      "integrity": "sha512-OvD9ENzPLbegENnYP5UUfJIirTg4+XwMWGaQfQTY0JenxNvvIKP3U3/tAQSPIu/lHxXYSZmpXlUHeqAIdKzBLQ==",
      "dev": true,
      "requires": {
        "fs.realpath": "^1.0.0",
        "inflight": "^1.0.4",
        "inherits": "2",
        "minimatch": "^3.0.4",
        "once": "^1.3.0",
        "path-is-absolute": "^1.0.0"
      }
    },
    "has": {
      "version": "1.0.3",
      "resolved": "https://registry.npmjs.org/has/-/has-1.0.3.tgz",
      "integrity": "sha512-f2dvO0VU6Oej7RkWJGrehjbzMAjFp5/VKPp5tTpWIV4JHHZK1/BxbFRtf/siA2SWTe09caDmVtYYzWEIbBS4zw==",
      "dev": true,
      "requires": {
        "function-bind": "^1.1.1"
      }
    },
    "hogan.js": {
      "version": "3.0.2",
      "resolved": "https://registry.npmjs.org/hogan.js/-/hogan.js-3.0.2.tgz",
      "integrity": "sha1-TNnhq9QpQUbnZ55B14mHMrAse/0=",
      "requires": {
        "mkdirp": "0.3.0",
        "nopt": "1.0.10"
      }
    },
    "immediate": {
      "version": "3.3.0",
      "resolved": "https://registry.npmjs.org/immediate/-/immediate-3.3.0.tgz",
      "integrity": "sha512-HR7EVodfFUdQCTIeySw+WDRFJlPcLOJbXfwwZ7Oom6tjsvZ3bOkCDJHehQC3nxJrv7+f9XecwazynjU8e4Vw3Q=="
    },
    "inflight": {
      "version": "1.0.6",
      "resolved": "https://registry.npmjs.org/inflight/-/inflight-1.0.6.tgz",
      "integrity": "sha1-Sb1jMdfQLQwJvJEKEHW6gWW1bfk=",
      "dev": true,
      "requires": {
        "once": "^1.3.0",
        "wrappy": "1"
      }
    },
    "inherits": {
      "version": "2.0.4",
      "resolved": "https://registry.npmjs.org/inherits/-/inherits-2.0.4.tgz",
      "integrity": "sha512-k/vGaX4/Yla3WzyMCvTQOXYeIHvqOKtnqBduzTHpzpQZzAskKMhZ2K+EnBiSM9zGSoIFeMpXKxa4dYeZIQqewQ==",
      "dev": true
    },
    "instantsearch.js": {
      "version": "4.25.2",
      "resolved": "https://registry.npmjs.org/instantsearch.js/-/instantsearch.js-4.25.2.tgz",
      "integrity": "sha512-Ty1hShNHukErvYtxeV4BH1L9VGQt2yAUykrmrv1ECdQJ+ag+ECo8wm3A250RheykREVTb7+3DdH0fPDzX3f+eg==",
      "requires": {
        "@types/google.maps": "^3.45.3",
        "@types/hogan.js": "^3.0.0",
        "@types/qs": "^6.5.3",
        "algoliasearch-helper": "^3.5.4",
        "classnames": "^2.2.5",
        "events": "^1.1.0",
        "hogan.js": "^3.0.2",
        "preact": "^10.0.0",
        "qs": "^6.5.1 < 6.10"
      }
    },
    "interpret": {
      "version": "1.4.0",
      "resolved": "https://registry.npmjs.org/interpret/-/interpret-1.4.0.tgz",
      "integrity": "sha512-agE4QfB2Lkp9uICn7BAqoscw4SZP9kTE2hxiFI3jBPmXJfdqiahTbUuKGsMoN2GtqL9AxhYioAcVvgsb1HvRbA==",
      "dev": true
    },
    "is-core-module": {
      "version": "2.4.0",
      "resolved": "https://registry.npmjs.org/is-core-module/-/is-core-module-2.4.0.tgz",
      "integrity": "sha512-6A2fkfq1rfeQZjxrZJGerpLCTHRNEBiSgnu0+obeJpEPZRUooHgsizvzv0ZjJwOz3iWIHdJtVWJ/tmPr3D21/A==",
      "dev": true,
      "requires": {
        "has": "^1.0.3"
      }
    },
    "minimatch": {
      "version": "3.0.4",
      "resolved": "https://registry.npmjs.org/minimatch/-/minimatch-3.0.4.tgz",
      "integrity": "sha512-yJHVQEhyqPLUTgt9B83PXu6W3rx4MvvHvSUvToogpwoGDOUQ+yDrR0HRot+yOCdCO7u4hX3pWft6kWBBcqh0UA==",
      "dev": true,
      "requires": {
        "brace-expansion": "^1.1.7"
      }
    },
    "mkdirp": {
      "version": "0.3.0",
      "resolved": "https://registry.npmjs.org/mkdirp/-/mkdirp-0.3.0.tgz",
      "integrity": "sha1-G79asbqCevI1dRQ0kEJkVfSB/h4="
    },
    "nopt": {
      "version": "1.0.10",
      "resolved": "https://registry.npmjs.org/nopt/-/nopt-1.0.10.tgz",
      "integrity": "sha1-bd0hvSoxQXuScn3Vhfim83YI6+4=",
      "requires": {
        "abbrev": "1"
      }
    },
    "once": {
      "version": "1.4.0",
      "resolved": "https://registry.npmjs.org/once/-/once-1.4.0.tgz",
      "integrity": "sha1-WDsap3WWHUsROsF9nFC6753Xa9E=",
      "dev": true,
      "requires": {
        "wrappy": "1"
      }
    },
    "path-is-absolute": {
      "version": "1.0.1",
      "resolved": "https://registry.npmjs.org/path-is-absolute/-/path-is-absolute-1.0.1.tgz",
      "integrity": "sha1-F0uSaHNVNP+8es5r9TpanhtcX18=",
      "dev": true
    },
    "path-parse": {
      "version": "1.0.7",
      "resolved": "https://registry.npmjs.org/path-parse/-/path-parse-1.0.7.tgz",
      "integrity": "sha512-LDJzPVEEEPR+y48z93A0Ed0yXb8pAByGWo/k5YYdYgpY2/2EsOsksJrq7lOHxryrVOn1ejG6oAp8ahvOIQD8sw==",
      "dev": true
    },
    "preact": {
      "version": "10.5.14",
      "resolved": "https://registry.npmjs.org/preact/-/preact-10.5.14.tgz",
      "integrity": "sha512-KojoltCrshZ099ksUZ2OQKfbH66uquFoxHSbnwKbTJHeQNvx42EmC7wQVWNuDt6vC5s3nudRHFtKbpY4ijKlaQ=="
    },
    "qs": {
      "version": "6.9.6",
      "resolved": "https://registry.npmjs.org/qs/-/qs-6.9.6.tgz",
      "integrity": "sha512-TIRk4aqYLNoJUbd+g2lEdz5kLWIuTMRagAXxl78Q0RiVjAOugHmeKNGdd3cwo/ktpf9aL9epCfFqWDEKysUlLQ=="
    },
    "rechoir": {
      "version": "0.6.2",
      "resolved": "https://registry.npmjs.org/rechoir/-/rechoir-0.6.2.tgz",
      "integrity": "sha1-hSBLVNuoLVdC4oyWdW70OvUOM4Q=",
      "dev": true,
      "requires": {
        "resolve": "^1.1.6"
      }
    },
    "resolve": {
      "version": "1.20.0",
      "resolved": "https://registry.npmjs.org/resolve/-/resolve-1.20.0.tgz",
      "integrity": "sha512-wENBPt4ySzg4ybFQW2TT1zMQucPK95HSh/nq2CFTZVOGut2+pQvSsgtda4d26YrYcr067wjbmzOG8byDPBX63A==",
      "dev": true,
      "requires": {
        "is-core-module": "^2.2.0",
        "path-parse": "^1.0.6"
      }
    },
    "shelljs": {
      "version": "0.8.4",
      "resolved": "https://registry.npmjs.org/shelljs/-/shelljs-0.8.4.tgz",
      "integrity": "sha512-7gk3UZ9kOfPLIAbslLzyWeGiEqx9e3rxwZM0KE6EL8GlGwjym9Mrlx5/p33bWTu9YG6vcS4MBxYZDHYr5lr8BQ==",
      "dev": true,
      "requires": {
        "glob": "^7.0.0",
        "interpret": "^1.0.0",
        "rechoir": "^0.6.2"
      }
    },
    "wrappy": {
      "version": "1.0.2",
      "resolved": "https://registry.npmjs.org/wrappy/-/wrappy-1.0.2.tgz",
      "integrity": "sha1-tSQ9jz7BqjXxNkYFvA0QNuMKtp8=",
      "dev": true
    }
  }
}
