{
  "name": "wp-search-with-algolia",
  "version": "2.6.1",
  "lockfileVersion": 3,
  "requires": true,
  "packages": {
    "": {
      "name": "wp-search-with-algolia",
      "version": "2.6.1",
      "hasInstallScript": true,
      "license": "GPL-3.0",
      "dependencies": {
        "@algolia/autocomplete-js": "^1.11.0",
        "@algolia/autocomplete-theme-classic": "^1.11.0",
        "algoliasearch": "^4.18.0",
        "instantsearch.js": "^4.56.5"
      },
      "devDependencies": {
        "frontend-dependencies": "^2.0.0"
      },
      "engines": {
        "node": "^12.0.0",
        "npm": "^6.0.0"
      }
    },
    "node_modules/@algolia/autocomplete-core": {
      "version": "1.11.0",
      "resolved": "https://registry.npmjs.org/@algolia/autocomplete-core/-/autocomplete-core-1.11.0.tgz",
      "integrity": "sha512-kFtn8XPMdE1QGDxyMTObGgaUpq5lcG2fLVsda6E88MoZZsfYkC8Oua6dwa0b06/GpgEWaliby/7AksUqz05uzw==",
      "dependencies": {
        "@algolia/autocomplete-plugin-algolia-insights": "1.11.0",
        "@algolia/autocomplete-shared": "1.11.0"
      }
    },
    "node_modules/@algolia/autocomplete-js": {
      "version": "1.11.0",
      "resolved": "https://registry.npmjs.org/@algolia/autocomplete-js/-/autocomplete-js-1.11.0.tgz",
      "integrity": "sha512-+INNaRwwztxUboAoTnDSAm7INPcyLOu4SANYTZihyQiVRr6ZeJd7/AlifMnonJxrEH7j5RgX7WhjUm5xMN+r8A==",
      "dependencies": {
        "@algolia/autocomplete-core": "1.11.0",
        "@algolia/autocomplete-preset-algolia": "1.11.0",
        "@algolia/autocomplete-shared": "1.11.0",
        "htm": "^3.1.1",
        "preact": "^10.13.2"
      },
      "peerDependencies": {
        "@algolia/client-search": ">= 4.5.1 < 6",
        "algoliasearch": ">= 4.9.1 < 6"
      }
    },
    "node_modules/@algolia/autocomplete-plugin-algolia-insights": {
      "version": "1.11.0",
      "resolved": "https://registry.npmjs.org/@algolia/autocomplete-plugin-algolia-insights/-/autocomplete-plugin-algolia-insights-1.11.0.tgz",
      "integrity": "sha512-TsJ5vs1jR9IbYDRWnd0tHLF/y54quoSAV7fDbyDdfUdkuI9bVP0bzulxT+POezPT5+6Ya5IJNCrg4DViA3Dm0Q==",
      "dependencies": {
        "@algolia/autocomplete-shared": "1.11.0"
      },
      "peerDependencies": {
        "search-insights": ">= 1 < 3"
      }
    },
    "node_modules/@algolia/autocomplete-preset-algolia": {
      "version": "1.11.0",
      "resolved": "https://registry.npmjs.org/@algolia/autocomplete-preset-algolia/-/autocomplete-preset-algolia-1.11.0.tgz",
      "integrity": "sha512-a2Tg6TOXN75xIzcx9P7srTNIH8kFjap6IEDHiMYWwa3V4qWNZjbE3e07HxwD3Pme8zp700y3EiYTQMBaYETe6g==",
      "dependencies": {
        "@algolia/autocomplete-shared": "1.11.0"
      },
      "peerDependencies": {
        "@algolia/client-search": ">= 4.9.1 < 6",
        "algoliasearch": ">= 4.9.1 < 6"
      }
    },
    "node_modules/@algolia/autocomplete-shared": {
      "version": "1.11.0",
      "resolved": "https://registry.npmjs.org/@algolia/autocomplete-shared/-/autocomplete-shared-1.11.0.tgz",
      "integrity": "sha512-ug1HYGQfe8+bvGuVJ3Fbdxn+YvR6MHPD36vQ5kv+5WWnBiW+QTyGk5yiluS9+i81l9wxH34Zl3XN/6MQ68MAgw==",
      "peerDependencies": {
        "@algolia/client-search": ">= 4.9.1 < 6",
        "algoliasearch": ">= 4.9.1 < 6"
      }
    },
    "node_modules/@algolia/autocomplete-theme-classic": {
      "version": "1.11.0",
      "resolved": "https://registry.npmjs.org/@algolia/autocomplete-theme-classic/-/autocomplete-theme-classic-1.11.0.tgz",
      "integrity": "sha512-R6k8D/6rwI5EQliVweK+JvX6JAF2cnzJvWhfgwOkdkVHYX3RT9yXR8aE7m6Rxv8wtQpivGsCKeTEJl2jD5goEw=="
    },
    "node_modules/@algolia/cache-browser-local-storage": {
      "version": "4.20.0",
      "resolved": "https://registry.npmjs.org/@algolia/cache-browser-local-storage/-/cache-browser-local-storage-4.20.0.tgz",
      "integrity": "sha512-uujahcBt4DxduBTvYdwO3sBfHuJvJokiC3BP1+O70fglmE1ShkH8lpXqZBac1rrU3FnNYSUs4pL9lBdTKeRPOQ==",
      "dependencies": {
        "@algolia/cache-common": "4.20.0"
      }
    },
    "node_modules/@algolia/cache-common": {
      "version": "4.20.0",
      "resolved": "https://registry.npmjs.org/@algolia/cache-common/-/cache-common-4.20.0.tgz",
      "integrity": "sha512-vCfxauaZutL3NImzB2G9LjLt36vKAckc6DhMp05An14kVo8F1Yofb6SIl6U3SaEz8pG2QOB9ptwM5c+zGevwIQ=="
    },
    "node_modules/@algolia/cache-in-memory": {
      "version": "4.20.0",
      "resolved": "https://registry.npmjs.org/@algolia/cache-in-memory/-/cache-in-memory-4.20.0.tgz",
      "integrity": "sha512-Wm9ak/IaacAZXS4mB3+qF/KCoVSBV6aLgIGFEtQtJwjv64g4ePMapORGmCyulCFwfePaRAtcaTbMcJF+voc/bg==",
      "dependencies": {
        "@algolia/cache-common": "4.20.0"
      }
    },
    "node_modules/@algolia/client-account": {
      "version": "4.20.0",
      "resolved": "https://registry.npmjs.org/@algolia/client-account/-/client-account-4.20.0.tgz",
      "integrity": "sha512-GGToLQvrwo7am4zVkZTnKa72pheQeez/16sURDWm7Seyz+HUxKi3BM6fthVVPUEBhtJ0reyVtuK9ArmnaKl10Q==",
      "dependencies": {
        "@algolia/client-common": "4.20.0",
        "@algolia/client-search": "4.20.0",
        "@algolia/transporter": "4.20.0"
      }
    },
    "node_modules/@algolia/client-analytics": {
      "version": "4.20.0",
      "resolved": "https://registry.npmjs.org/@algolia/client-analytics/-/client-analytics-4.20.0.tgz",
      "integrity": "sha512-EIr+PdFMOallRdBTHHdKI3CstslgLORQG7844Mq84ib5oVFRVASuuPmG4bXBgiDbcsMLUeOC6zRVJhv1KWI0ug==",
      "dependencies": {
        "@algolia/client-common": "4.20.0",
        "@algolia/client-search": "4.20.0",
        "@algolia/requester-common": "4.20.0",
        "@algolia/transporter": "4.20.0"
      }
    },
    "node_modules/@algolia/client-common": {
      "version": "4.20.0",
      "resolved": "https://registry.npmjs.org/@algolia/client-common/-/client-common-4.20.0.tgz",
      "integrity": "sha512-P3WgMdEss915p+knMMSd/fwiHRHKvDu4DYRrCRaBrsfFw7EQHon+EbRSm4QisS9NYdxbS04kcvNoavVGthyfqQ==",
      "dependencies": {
        "@algolia/requester-common": "4.20.0",
        "@algolia/transporter": "4.20.0"
      }
    },
    "node_modules/@algolia/client-personalization": {
      "version": "4.20.0",
      "resolved": "https://registry.npmjs.org/@algolia/client-personalization/-/client-personalization-4.20.0.tgz",
      "integrity": "sha512-N9+zx0tWOQsLc3K4PVRDV8GUeOLAY0i445En79Pr3zWB+m67V+n/8w4Kw1C5LlbHDDJcyhMMIlqezh6BEk7xAQ==",
      "dependencies": {
        "@algolia/client-common": "4.20.0",
        "@algolia/requester-common": "4.20.0",
        "@algolia/transporter": "4.20.0"
      }
    },
    "node_modules/@algolia/client-search": {
      "version": "4.20.0",
      "resolved": "https://registry.npmjs.org/@algolia/client-search/-/client-search-4.20.0.tgz",
      "integrity": "sha512-zgwqnMvhWLdpzKTpd3sGmMlr4c+iS7eyyLGiaO51zDZWGMkpgoNVmltkzdBwxOVXz0RsFMznIxB9zuarUv4TZg==",
      "dependencies": {
        "@algolia/client-common": "4.20.0",
        "@algolia/requester-common": "4.20.0",
        "@algolia/transporter": "4.20.0"
      }
    },
    "node_modules/@algolia/events": {
      "version": "4.0.1",
      "resolved": "https://registry.npmjs.org/@algolia/events/-/events-4.0.1.tgz",
      "integrity": "sha512-FQzvOCgoFXAbf5Y6mYozw2aj5KCJoA3m4heImceldzPSMbdyS4atVjJzXKMsfX3wnZTFYwkkt8/z8UesLHlSBQ=="
    },
    "node_modules/@algolia/logger-common": {
      "version": "4.20.0",
      "resolved": "https://registry.npmjs.org/@algolia/logger-common/-/logger-common-4.20.0.tgz",
      "integrity": "sha512-xouigCMB5WJYEwvoWW5XDv7Z9f0A8VoXJc3VKwlHJw/je+3p2RcDXfksLI4G4lIVncFUYMZx30tP/rsdlvvzHQ=="
    },
    "node_modules/@algolia/logger-console": {
      "version": "4.20.0",
      "resolved": "https://registry.npmjs.org/@algolia/logger-console/-/logger-console-4.20.0.tgz",
      "integrity": "sha512-THlIGG1g/FS63z0StQqDhT6bprUczBI8wnLT3JWvfAQDZX5P6fCg7dG+pIrUBpDIHGszgkqYEqECaKKsdNKOUA==",
      "dependencies": {
        "@algolia/logger-common": "4.20.0"
      }
    },
    "node_modules/@algolia/requester-browser-xhr": {
      "version": "4.20.0",
      "resolved": "https://registry.npmjs.org/@algolia/requester-browser-xhr/-/requester-browser-xhr-4.20.0.tgz",
      "integrity": "sha512-HbzoSjcjuUmYOkcHECkVTwAelmvTlgs48N6Owt4FnTOQdwn0b8pdht9eMgishvk8+F8bal354nhx/xOoTfwiAw==",
      "dependencies": {
        "@algolia/requester-common": "4.20.0"
      }
    },
    "node_modules/@algolia/requester-common": {
      "version": "4.20.0",
      "resolved": "https://registry.npmjs.org/@algolia/requester-common/-/requester-common-4.20.0.tgz",
      "integrity": "sha512-9h6ye6RY/BkfmeJp7Z8gyyeMrmmWsMOCRBXQDs4mZKKsyVlfIVICpcSibbeYcuUdurLhIlrOUkH3rQEgZzonng=="
    },
    "node_modules/@algolia/requester-node-http": {
      "version": "4.20.0",
      "resolved": "https://registry.npmjs.org/@algolia/requester-node-http/-/requester-node-http-4.20.0.tgz",
      "integrity": "sha512-ocJ66L60ABSSTRFnCHIEZpNHv6qTxsBwJEPfYaSBsLQodm0F9ptvalFkHMpvj5DfE22oZrcrLbOYM2bdPJRHng==",
      "dependencies": {
        "@algolia/requester-common": "4.20.0"
      }
    },
    "node_modules/@algolia/transporter": {
      "version": "4.20.0",
      "resolved": "https://registry.npmjs.org/@algolia/transporter/-/transporter-4.20.0.tgz",
      "integrity": "sha512-Lsii1pGWOAISbzeyuf+r/GPhvHMPHSPrTDWNcIzOE1SG1inlJHICaVe2ikuoRjcpgxZNU54Jl+if15SUCsaTUg==",
      "dependencies": {
        "@algolia/cache-common": "4.20.0",
        "@algolia/logger-common": "4.20.0",
        "@algolia/requester-common": "4.20.0"
      }
    },
    "node_modules/@algolia/ui-components-highlight-vdom": {
      "version": "1.2.1",
      "resolved": "https://registry.npmjs.org/@algolia/ui-components-highlight-vdom/-/ui-components-highlight-vdom-1.2.1.tgz",
      "integrity": "sha512-IlYgIaCUEkz9ezNbwugwKv991oOHhveyq6nzL0F1jDzg1p3q5Yj/vO4KpNG910r2dwGCG3nEm5GtChcLnarhFA==",
      "dependencies": {
        "@algolia/ui-components-shared": "1.2.1",
        "@babel/runtime": "^7.0.0"
      }
    },
    "node_modules/@algolia/ui-components-shared": {
      "version": "1.2.1",
      "resolved": "https://registry.npmjs.org/@algolia/ui-components-shared/-/ui-components-shared-1.2.1.tgz",
      "integrity": "sha512-a7mYHf/GVQfhAx/HRiMveKkFvHspQv/REdG+C/FIOosiSmNZxX7QebDwJkrGSmDWdXO12D0Qv1xn3AytFcEDlQ=="
    },
    "node_modules/@babel/runtime": {
      "version": "7.22.15",
      "resolved": "https://registry.npmjs.org/@babel/runtime/-/runtime-7.22.15.tgz",
      "integrity": "sha512-T0O+aa+4w0u06iNmapipJXMV4HoUir03hpx3/YqXXhu9xim3w+dVphjFWl1OH8NbZHw5Lbm9k45drDkgq2VNNA==",
      "dependencies": {
        "regenerator-runtime": "^0.14.0"
      },
      "engines": {
        "node": ">=6.9.0"
      }
    },
    "node_modules/@types/dom-speech-recognition": {
      "version": "0.0.1",
      "resolved": "https://registry.npmjs.org/@types/dom-speech-recognition/-/dom-speech-recognition-0.0.1.tgz",
      "integrity": "sha512-udCxb8DvjcDKfk1WTBzDsxFbLgYxmQGKrE/ricoMqHRNjSlSUCcamVTA5lIQqzY10mY5qCY0QDwBfFEwhfoDPw=="
    },
    "node_modules/@types/google.maps": {
      "version": "3.54.1",
      "resolved": "https://registry.npmjs.org/@types/google.maps/-/google.maps-3.54.1.tgz",
      "integrity": "sha512-zh6333O/yPfcvRxpBTjnNFJjiHiujvy+tTAWwvNj3LMy90Y+VLTom8n9gvmgjXhOHgHvYpgO2Xyz31wYEYN27A=="
    },
    "node_modules/@types/hogan.js": {
      "version": "3.0.2",
      "resolved": "https://registry.npmjs.org/@types/hogan.js/-/hogan.js-3.0.2.tgz",
      "integrity": "sha512-M6jOVsZEK31II8HV9QaYI5pg/w7fZb+3aqdCn3M3uofBswvrYBzbaQwSudB6z1UqF2IT3B8vt/3oBoa7XqugFw=="
    },
    "node_modules/@types/qs": {
      "version": "6.9.8",
      "resolved": "https://registry.npmjs.org/@types/qs/-/qs-6.9.8.tgz",
      "integrity": "sha512-u95svzDlTysU5xecFNTgfFG5RUWu1A9P0VzgpcIiGZA9iraHOdSzcxMxQ55DyeRaGCSxQi7LxXDI4rzq/MYfdg=="
    },
    "node_modules/abbrev": {
      "version": "1.1.1",
      "resolved": "https://registry.npmjs.org/abbrev/-/abbrev-1.1.1.tgz",
      "integrity": "sha512-nne9/IiQ/hzIhY6pdDnbBtz7DjPTKrY00P/zvPSm5pOFkl6xuGrGnXn/VtTNNfNtAfZ9/1RtehkszU9qcTii0Q=="
    },
    "node_modules/algoliasearch": {
      "version": "4.20.0",
      "resolved": "https://registry.npmjs.org/algoliasearch/-/algoliasearch-4.20.0.tgz",
      "integrity": "sha512-y+UHEjnOItoNy0bYO+WWmLWBlPwDjKHW6mNHrPi0NkuhpQOOEbrkwQH/wgKFDLh7qlKjzoKeiRtlpewDPDG23g==",
      "dependencies": {
        "@algolia/cache-browser-local-storage": "4.20.0",
        "@algolia/cache-common": "4.20.0",
        "@algolia/cache-in-memory": "4.20.0",
        "@algolia/client-account": "4.20.0",
        "@algolia/client-analytics": "4.20.0",
        "@algolia/client-common": "4.20.0",
        "@algolia/client-personalization": "4.20.0",
        "@algolia/client-search": "4.20.0",
        "@algolia/logger-common": "4.20.0",
        "@algolia/logger-console": "4.20.0",
        "@algolia/requester-browser-xhr": "4.20.0",
        "@algolia/requester-common": "4.20.0",
        "@algolia/requester-node-http": "4.20.0",
        "@algolia/transporter": "4.20.0"
      }
    },
    "node_modules/algoliasearch-helper": {
      "version": "3.14.2",
      "resolved": "https://registry.npmjs.org/algoliasearch-helper/-/algoliasearch-helper-3.14.2.tgz",
      "integrity": "sha512-FjDSrjvQvJT/SKMW74nPgFpsoPUwZCzGbCqbp8HhBFfSk/OvNFxzCaCmuO0p7AWeLy1gD+muFwQEkBwcl5H4pg==",
      "dependencies": {
        "@algolia/events": "^4.0.1"
      },
      "peerDependencies": {
        "algoliasearch": ">= 3.1 < 6"
      }
    },
    "node_modules/balanced-match": {
      "version": "1.0.2",
      "resolved": "https://registry.npmjs.org/balanced-match/-/balanced-match-1.0.2.tgz",
      "integrity": "sha512-3oSeUO0TMV67hN1AmbXsK4yaqU7tjiHlbxRDZOpH0KW9+CeX4bRAaX0Anxt0tx2MrpRpWwQaPwIlISEJhYU5Pw==",
      "dev": true
    },
    "node_modules/brace-expansion": {
      "version": "1.1.11",
      "resolved": "https://registry.npmjs.org/brace-expansion/-/brace-expansion-1.1.11.tgz",
      "integrity": "sha512-iCuPHDFgrHX7H2vEI/5xpz07zSHB00TpugqhmYtVmMO6518mCuRMoOYFldEBl0g187ufozdaHgWKcYFb61qGiA==",
      "dev": true,
      "dependencies": {
        "balanced-match": "^1.0.0",
        "concat-map": "0.0.1"
      }
    },
    "node_modules/concat-map": {
      "version": "0.0.1",
      "resolved": "https://registry.npmjs.org/concat-map/-/concat-map-0.0.1.tgz",
      "integrity": "sha512-/Srv4dswyQNBfohGpz9o6Yb3Gz3SrUDqBH5rTuhGR7ahtlbYKnVxw2bCFMRljaA7EXHaXZ8wsHdodFvbkhKmqg==",
      "dev": true
    },
    "node_modules/frontend-dependencies": {
      "version": "2.0.0",
      "resolved": "https://registry.npmjs.org/frontend-dependencies/-/frontend-dependencies-2.0.0.tgz",
      "integrity": "sha512-NpxEBP1jeqp9gH/hh/cSph3f5k5Eeu2eQQmFRWhIuw0mjTcLUsghOGGuKLMUUrIO2Mto722qtY9tHPQ4zN46rA==",
      "dev": true,
      "dependencies": {
        "shelljs": "^0.8.4"
      },
      "bin": {
        "frontend-dependencies": "index.js"
      }
    },
    "node_modules/fs.realpath": {
      "version": "1.0.0",
      "resolved": "https://registry.npmjs.org/fs.realpath/-/fs.realpath-1.0.0.tgz",
      "integrity": "sha512-OO0pH2lK6a0hZnAdau5ItzHPI6pUlvI7jMVnxUQRtw4owF2wk8lOSabtGDCTP4Ggrg2MbGnWO9X8K1t4+fGMDw==",
      "dev": true
    },
    "node_modules/function-bind": {
      "version": "1.1.1",
      "resolved": "https://registry.npmjs.org/function-bind/-/function-bind-1.1.1.tgz",
      "integrity": "sha512-yIovAzMX49sF8Yl58fSCWJ5svSLuaibPxXQJFLmBObTuCr0Mf1KiPopGM9NiFjiYBCbfaa2Fh6breQ6ANVTI0A==",
      "dev": true
    },
    "node_modules/glob": {
      "version": "7.2.3",
      "resolved": "https://registry.npmjs.org/glob/-/glob-7.2.3.tgz",
      "integrity": "sha512-nFR0zLpU2YCaRxwoCJvL6UvCH2JFyFVIvwTLsIf21AuHlMskA1hhTdk+LlYJtOlYt9v6dvszD2BGRqBL+iQK9Q==",
      "dev": true,
      "dependencies": {
        "fs.realpath": "^1.0.0",
        "inflight": "^1.0.4",
        "inherits": "2",
        "minimatch": "^3.1.1",
        "once": "^1.3.0",
        "path-is-absolute": "^1.0.0"
      },
      "engines": {
        "node": "*"
      },
      "funding": {
        "url": "https://github.com/sponsors/isaacs"
      }
    },
    "node_modules/has": {
      "version": "1.0.3",
      "resolved": "https://registry.npmjs.org/has/-/has-1.0.3.tgz",
      "integrity": "sha512-f2dvO0VU6Oej7RkWJGrehjbzMAjFp5/VKPp5tTpWIV4JHHZK1/BxbFRtf/siA2SWTe09caDmVtYYzWEIbBS4zw==",
      "dev": true,
      "dependencies": {
        "function-bind": "^1.1.1"
      },
      "engines": {
        "node": ">= 0.4.0"
      }
    },
    "node_modules/hogan.js": {
      "version": "3.0.2",
      "resolved": "https://registry.npmjs.org/hogan.js/-/hogan.js-3.0.2.tgz",
      "integrity": "sha512-RqGs4wavGYJWE07t35JQccByczmNUXQT0E12ZYV1VKYu5UiAU9lsos/yBAcf840+zrUQQxgVduCR5/B8nNtibg==",
      "dependencies": {
        "mkdirp": "0.3.0",
        "nopt": "1.0.10"
      },
      "bin": {
        "hulk": "bin/hulk"
      }
    },
    "node_modules/htm": {
      "version": "3.1.1",
      "resolved": "https://registry.npmjs.org/htm/-/htm-3.1.1.tgz",
      "integrity": "sha512-983Vyg8NwUE7JkZ6NmOqpCZ+sh1bKv2iYTlUkzlWmA5JD2acKoxd4KVxbMmxX/85mtfdnDmTFoNKcg5DGAvxNQ=="
    },
    "node_modules/inflight": {
      "version": "1.0.6",
      "resolved": "https://registry.npmjs.org/inflight/-/inflight-1.0.6.tgz",
      "integrity": "sha512-k92I/b08q4wvFscXCLvqfsHCrjrF7yiXsQuIVvVE7N82W3+aqpzuUdBbfhWcy/FZR3/4IgflMgKLOsvPDrGCJA==",
      "dev": true,
      "dependencies": {
        "once": "^1.3.0",
        "wrappy": "1"
      }
    },
    "node_modules/inherits": {
      "version": "2.0.4",
      "resolved": "https://registry.npmjs.org/inherits/-/inherits-2.0.4.tgz",
      "integrity": "sha512-k/vGaX4/Yla3WzyMCvTQOXYeIHvqOKtnqBduzTHpzpQZzAskKMhZ2K+EnBiSM9zGSoIFeMpXKxa4dYeZIQqewQ==",
      "dev": true
    },
    "node_modules/instantsearch.js": {
      "version": "4.57.0",
      "resolved": "https://registry.npmjs.org/instantsearch.js/-/instantsearch.js-4.57.0.tgz",
      "integrity": "sha512-oaWmX4gUI4U8fcj77FmR3UPHfHOYpJoeHhek+9wM4bZ+VJ8uAQZOV/aBGka7Kmvln8NLZ7rqn+Hm84tDunIBog==",
      "dependencies": {
        "@algolia/events": "^4.0.1",
        "@algolia/ui-components-highlight-vdom": "^1.2.1",
        "@algolia/ui-components-shared": "^1.2.1",
        "@types/dom-speech-recognition": "^0.0.1",
        "@types/google.maps": "^3.45.3",
        "@types/hogan.js": "^3.0.0",
        "@types/qs": "^6.5.3",
        "algoliasearch-helper": "3.14.2",
        "hogan.js": "^3.0.2",
        "htm": "^3.0.0",
        "preact": "^10.10.0",
        "qs": "^6.5.1 < 6.10",
        "search-insights": "^2.6.0"
      },
      "peerDependencies": {
        "algoliasearch": ">= 3.1 < 6"
      }
    },
    "node_modules/interpret": {
      "version": "1.4.0",
      "resolved": "https://registry.npmjs.org/interpret/-/interpret-1.4.0.tgz",
      "integrity": "sha512-agE4QfB2Lkp9uICn7BAqoscw4SZP9kTE2hxiFI3jBPmXJfdqiahTbUuKGsMoN2GtqL9AxhYioAcVvgsb1HvRbA==",
      "dev": true,
      "engines": {
        "node": ">= 0.10"
      }
    },
    "node_modules/is-core-module": {
      "version": "2.13.0",
      "resolved": "https://registry.npmjs.org/is-core-module/-/is-core-module-2.13.0.tgz",
      "integrity": "sha512-Z7dk6Qo8pOCp3l4tsX2C5ZVas4V+UxwQodwZhLopL91TX8UyyHEXafPcyoeeWuLrwzHcr3igO78wNLwHJHsMCQ==",
      "dev": true,
      "dependencies": {
        "has": "^1.0.3"
      },
      "funding": {
        "url": "https://github.com/sponsors/ljharb"
      }
    },
    "node_modules/minimatch": {
      "version": "3.1.2",
      "resolved": "https://registry.npmjs.org/minimatch/-/minimatch-3.1.2.tgz",
      "integrity": "sha512-J7p63hRiAjw1NDEww1W7i37+ByIrOWO5XQQAzZ3VOcL0PNybwpfmV/N05zFAzwQ9USyEcX6t3UO+K5aqBQOIHw==",
      "dev": true,
      "dependencies": {
        "brace-expansion": "^1.1.7"
      },
      "engines": {
        "node": "*"
      }
    },
    "node_modules/mkdirp": {
      "version": "0.3.0",
      "resolved": "https://registry.npmjs.org/mkdirp/-/mkdirp-0.3.0.tgz",
      "integrity": "sha512-OHsdUcVAQ6pOtg5JYWpCBo9W/GySVuwvP9hueRMW7UqshC0tbfzLv8wjySTPm3tfUZ/21CE9E1pJagOA91Pxew==",
      "deprecated": "Legacy versions of mkdirp are no longer supported. Please update to mkdirp 1.x. (Note that the API surface has changed to use Promises in 1.x.)",
      "engines": {
        "node": "*"
      }
    },
    "node_modules/nopt": {
      "version": "1.0.10",
      "resolved": "https://registry.npmjs.org/nopt/-/nopt-1.0.10.tgz",
      "integrity": "sha512-NWmpvLSqUrgrAC9HCuxEvb+PSloHpqVu+FqcO4eeF2h5qYRhA7ev6KvelyQAKtegUbC6RypJnlEOhd8vloNKYg==",
      "dependencies": {
        "abbrev": "1"
      },
      "bin": {
        "nopt": "bin/nopt.js"
      },
      "engines": {
        "node": "*"
      }
    },
    "node_modules/once": {
      "version": "1.4.0",
      "resolved": "https://registry.npmjs.org/once/-/once-1.4.0.tgz",
      "integrity": "sha512-lNaJgI+2Q5URQBkccEKHTQOPaXdUxnZZElQTZY0MFUAuaEqe1E+Nyvgdz/aIyNi6Z9MzO5dv1H8n58/GELp3+w==",
      "dev": true,
      "dependencies": {
        "wrappy": "1"
      }
    },
    "node_modules/path-is-absolute": {
      "version": "1.0.1",
      "resolved": "https://registry.npmjs.org/path-is-absolute/-/path-is-absolute-1.0.1.tgz",
      "integrity": "sha512-AVbw3UJ2e9bq64vSaS9Am0fje1Pa8pbGqTTsmXfaIiMpnr5DlDhfJOuLj9Sf95ZPVDAUerDfEk88MPmPe7UCQg==",
      "dev": true,
      "engines": {
        "node": ">=0.10.0"
      }
    },
    "node_modules/path-parse": {
      "version": "1.0.7",
      "resolved": "https://registry.npmjs.org/path-parse/-/path-parse-1.0.7.tgz",
      "integrity": "sha512-LDJzPVEEEPR+y48z93A0Ed0yXb8pAByGWo/k5YYdYgpY2/2EsOsksJrq7lOHxryrVOn1ejG6oAp8ahvOIQD8sw==",
      "dev": true
    },
    "node_modules/preact": {
      "version": "10.17.1",
      "resolved": "https://registry.npmjs.org/preact/-/preact-10.17.1.tgz",
      "integrity": "sha512-X9BODrvQ4Ekwv9GURm9AKAGaomqXmip7NQTZgY7gcNmr7XE83adOMJvd3N42id1tMFU7ojiynRsYnY6/BRFxLA==",
      "funding": {
        "type": "opencollective",
        "url": "https://opencollective.com/preact"
      }
    },
    "node_modules/qs": {
      "version": "6.9.7",
      "resolved": "https://registry.npmjs.org/qs/-/qs-6.9.7.tgz",
      "integrity": "sha512-IhMFgUmuNpyRfxA90umL7ByLlgRXu6tIfKPpF5TmcfRLlLCckfP/g3IQmju6jjpu+Hh8rA+2p6A27ZSPOOHdKw==",
      "engines": {
        "node": ">=0.6"
      },
      "funding": {
        "url": "https://github.com/sponsors/ljharb"
      }
    },
    "node_modules/rechoir": {
      "version": "0.6.2",
      "resolved": "https://registry.npmjs.org/rechoir/-/rechoir-0.6.2.tgz",
      "integrity": "sha512-HFM8rkZ+i3zrV+4LQjwQ0W+ez98pApMGM3HUrN04j3CqzPOzl9nmP15Y8YXNm8QHGv/eacOVEjqhmWpkRV0NAw==",
      "dev": true,
      "dependencies": {
        "resolve": "^1.1.6"
      },
      "engines": {
        "node": ">= 0.10"
      }
    },
    "node_modules/regenerator-runtime": {
      "version": "0.14.0",
      "resolved": "https://registry.npmjs.org/regenerator-runtime/-/regenerator-runtime-0.14.0.tgz",
      "integrity": "sha512-srw17NI0TUWHuGa5CFGGmhfNIeja30WMBfbslPNhf6JrqQlLN5gcrvig1oqPxiVaXb0oW0XRKtH6Nngs5lKCIA=="
    },
    "node_modules/resolve": {
      "version": "1.22.6",
      "resolved": "https://registry.npmjs.org/resolve/-/resolve-1.22.6.tgz",
      "integrity": "sha512-njhxM7mV12JfufShqGy3Rz8j11RPdLy4xi15UurGJeoHLfJpVXKdh3ueuOqbYUcDZnffr6X739JBo5LzyahEsw==",
      "dev": true,
      "dependencies": {
        "is-core-module": "^2.13.0",
        "path-parse": "^1.0.7",
        "supports-preserve-symlinks-flag": "^1.0.0"
      },
      "bin": {
        "resolve": "bin/resolve"
      },
      "funding": {
        "url": "https://github.com/sponsors/ljharb"
      }
    },
    "node_modules/search-insights": {
      "version": "2.8.2",
      "resolved": "https://registry.npmjs.org/search-insights/-/search-insights-2.8.2.tgz",
      "integrity": "sha512-PxA9M5Q2bpBelVvJ3oDZR8nuY00Z6qwOxL53wNpgzV28M/D6u9WUbImDckjLSILBF8F1hn/mgyuUaOPtjow4Qw=="
    },
    "node_modules/shelljs": {
      "version": "0.8.5",
      "resolved": "https://registry.npmjs.org/shelljs/-/shelljs-0.8.5.tgz",
      "integrity": "sha512-TiwcRcrkhHvbrZbnRcFYMLl30Dfov3HKqzp5tO5b4pt6G/SezKcYhmDg15zXVBswHmctSAQKznqNW2LO5tTDow==",
      "dev": true,
      "dependencies": {
        "glob": "^7.0.0",
        "interpret": "^1.0.0",
        "rechoir": "^0.6.2"
      },
      "bin": {
        "shjs": "bin/shjs"
      },
      "engines": {
        "node": ">=4"
      }
    },
    "node_modules/supports-preserve-symlinks-flag": {
      "version": "1.0.0",
      "resolved": "https://registry.npmjs.org/supports-preserve-symlinks-flag/-/supports-preserve-symlinks-flag-1.0.0.tgz",
      "integrity": "sha512-ot0WnXS9fgdkgIcePe6RHNk1WA8+muPa6cSjeR3V8K27q9BB1rTE3R1p7Hv0z1ZyAc8s6Vvv8DIyWf681MAt0w==",
      "dev": true,
      "engines": {
        "node": ">= 0.4"
      },
      "funding": {
        "url": "https://github.com/sponsors/ljharb"
      }
    },
    "node_modules/wrappy": {
      "version": "1.0.2",
      "resolved": "https://registry.npmjs.org/wrappy/-/wrappy-1.0.2.tgz",
      "integrity": "sha512-l4Sp/DRseor9wL6EvV2+TuQn63dMkPjZ/sp9XkghTEbV9KlPS1xUsZ3u7/IQO4wxtcFB4bgpQPRcR3QCvezPcQ==",
      "dev": true
    }
  }
}
